{
  "name": "gh-provision-envs",
  "version": "1.0.0",
  "lockfileVersion": 3,
  "requires": true,
  "packages": {
    "": {
      "name": "gh-provision-envs",
      "version": "1.0.0",
      "license": "MIT",
      "bin": {
        "gh-provision-envs": "gh-provision-envs-cli.js"
      },
      "engines": {
        "node": ">= 16.17.0"
      }
    }
  }
}
